
Microsoft Visual Studio Solution File, Format Version 12.00
Project("{FAE04EC0-301F-11D3-BF4B-00C04F79EFBC}") = "Topic_2_5", "Topic_2_5\Topic_2_5.csproj", "{B539843C-D0D2-44D0-93B2-0F9F9EC057CB}"
EndProject
Global
	GlobalSection(SolutionConfigurationPlatforms) = preSolution
		Debug|Any CPU = Debug|Any CPU
		Release|Any CPU = Release|Any CPU
	EndGlobalSection
	GlobalSection(ProjectConfigurationPlatforms) = postSolution
		{B539843C-D0D2-44D0-93B2-0F9F9EC057CB}.Debug|Any CPU.ActiveCfg = Debug|Any CPU
		{B539843C-D0D2-44D0-93B2-0F9F9EC057CB}.Debug|Any CPU.Build.0 = Debug|Any CPU
		{B539843C-D0D2-44D0-93B2-0F9F9EC057CB}.Release|Any CPU.ActiveCfg = Release|Any CPU
		{B539843C-D0D2-44D0-93B2-0F9F9EC057CB}.Release|Any CPU.Build.0 = Release|Any CPU
	EndGlobalSection
EndGlobal
