
Microsoft Visual Studio Solution File, Format Version 12.00
Project("{FAE04EC0-301F-11D3-BF4B-00C04F79EFBC}") = "Topic_2_4", "Topic_2_4\Topic_2_4.csproj", "{81FF5C86-75FB-4957-9DB2-56FCE1D4580C}"
EndProject
Global
	GlobalSection(SolutionConfigurationPlatforms) = preSolution
		Debug|Any CPU = Debug|Any CPU
		Release|Any CPU = Release|Any CPU
	EndGlobalSection
	GlobalSection(ProjectConfigurationPlatforms) = postSolution
		{81FF5C86-75FB-4957-9DB2-56FCE1D4580C}.Debug|Any CPU.ActiveCfg = Debug|Any CPU
		{81FF5C86-75FB-4957-9DB2-56FCE1D4580C}.Debug|Any CPU.Build.0 = Debug|Any CPU
		{81FF5C86-75FB-4957-9DB2-56FCE1D4580C}.Release|Any CPU.ActiveCfg = Release|Any CPU
		{81FF5C86-75FB-4957-9DB2-56FCE1D4580C}.Release|Any CPU.Build.0 = Release|Any CPU
	EndGlobalSection
EndGlobal
